
Microsoft Visual Studio Solution File, Format Version 12.00
# Visual Studio 15
Project("{FAE04EC0-301F-11D3-BF4B-00C04F79EFBC}") = "Assembly-CSharp", "Assembly-CSharp.csproj", "{ED6BC14A-C5BD-C738-6A22-8F732C7B445A}"
EndProject
Project("{FAE04EC0-301F-11D3-BF4B-00C04F79EFBC}") = "NavMeshComponents", "NavMeshComponents.csproj", "{0EF783A5-C434-7EE9-B140-83C898FDFD11}"
EndProject
Project("{FAE04EC0-301F-11D3-BF4B-00C04F79EFBC}") = "NavMeshComponentsEditor", "NavMeshComponentsEditor.csproj", "{26DA1962-027E-A423-1D59-7D4CB2AF2B25}"
EndProject
Global
	GlobalSection(SolutionConfigurationPlatforms) = preSolution
		Debug|Any CPU = Debug|Any CPU
		Release|Any CPU = Release|Any CPU
	EndGlobalSection
	GlobalSection(ProjectConfigurationPlatforms) = postSolution
		{ED6BC14A-C5BD-C738-6A22-8F732C7B445A}.Debug|Any CPU.ActiveCfg = Debug|Any CPU
		{ED6BC14A-C5BD-C738-6A22-8F732C7B445A}.Debug|Any CPU.Build.0 = Debug|Any CPU
		{ED6BC14A-C5BD-C738-6A22-8F732C7B445A}.Release|Any CPU.ActiveCfg = Release|Any CPU
		{ED6BC14A-C5BD-C738-6A22-8F732C7B445A}.Release|Any CPU.Build.0 = Release|Any CPU
		{0EF783A5-C434-7EE9-B140-83C898FDFD11}.Debug|Any CPU.ActiveCfg = Debug|Any CPU
		{0EF783A5-C434-7EE9-B140-83C898FDFD11}.Debug|Any CPU.Build.0 = Debug|Any CPU
		{0EF783A5-C434-7EE9-B140-83C898FDFD11}.Release|Any CPU.ActiveCfg = Release|Any CPU
		{0EF783A5-C434-7EE9-B140-83C898FDFD11}.Release|Any CPU.Build.0 = Release|Any CPU
		{26DA1962-027E-A423-1D59-7D4CB2AF2B25}.Debug|Any CPU.ActiveCfg = Debug|Any CPU
		{26DA1962-027E-A423-1D59-7D4CB2AF2B25}.Debug|Any CPU.Build.0 = Debug|Any CPU
		{26DA1962-027E-A423-1D59-7D4CB2AF2B25}.Release|Any CPU.ActiveCfg = Release|Any CPU
		{26DA1962-027E-A423-1D59-7D4CB2AF2B25}.Release|Any CPU.Build.0 = Release|Any CPU
	EndGlobalSection
	GlobalSection(SolutionProperties) = preSolution
		HideSolutionNode = FALSE
	EndGlobalSection
EndGlobal
